
Microsoft Visual Studio Solution File, Format Version 12.00
# Visual Studio Version 17
VisualStudioVersion = 17.5.33424.131
MinimumVisualStudioVersion = 10.0.40219.1
Project("{9A19103F-16F7-4668-BE54-9A1E7A4F7556}") = "Manero", "Manero\Manero.csproj", "{8CA1B9E7-364C-4EB3-AE09-E227A16F8639}"
EndProject
Project("{FAE04EC0-301F-11D3-BF4B-00C04F79EFBC}") = "Manero.Tests", "Manero.Tests\Manero.Tests.csproj", "{A75B1693-FE03-4B7E-91DB-4CF4771859E3}"
EndProject
Global
	GlobalSection(SolutionConfigurationPlatforms) = preSolution
		Debug|Any CPU = Debug|Any CPU
		Release|Any CPU = Release|Any CPU
	EndGlobalSection
	GlobalSection(ProjectConfigurationPlatforms) = postSolution
		{8CA1B9E7-364C-4EB3-AE09-E227A16F8639}.Debug|Any CPU.ActiveCfg = Debug|Any CPU
		{8CA1B9E7-364C-4EB3-AE09-E227A16F8639}.Debug|Any CPU.Build.0 = Debug|Any CPU
		{8CA1B9E7-364C-4EB3-AE09-E227A16F8639}.Release|Any CPU.ActiveCfg = Release|Any CPU
		{8CA1B9E7-364C-4EB3-AE09-E227A16F8639}.Release|Any CPU.Build.0 = Release|Any CPU
		{A75B1693-FE03-4B7E-91DB-4CF4771859E3}.Debug|Any CPU.ActiveCfg = Debug|Any CPU
		{A75B1693-FE03-4B7E-91DB-4CF4771859E3}.Debug|Any CPU.Build.0 = Debug|Any CPU
		{A75B1693-FE03-4B7E-91DB-4CF4771859E3}.Release|Any CPU.ActiveCfg = Release|Any CPU
		{A75B1693-FE03-4B7E-91DB-4CF4771859E3}.Release|Any CPU.Build.0 = Release|Any CPU
	EndGlobalSection
	GlobalSection(SolutionProperties) = preSolution
		HideSolutionNode = FALSE
	EndGlobalSection
	GlobalSection(ExtensibilityGlobals) = postSolution
		SolutionGuid = {3D0916C4-C831-4F23-A0DE-5257C292641C}
	EndGlobalSection
EndGlobal
